
Microsoft Visual Studio Solution File, Format Version 12.00
# Visual Studio Version 17
VisualStudioVersion = 17.0.32002.185
MinimumVisualStudioVersion = 10.0.40219.1
Project("{FAE04EC0-301F-11D3-BF4B-00C04F79EFBC}") = "CustomerOrdersApi", "CustomerOrdersApi\CustomerOrdersApi.csproj", "{4288E7A9-D3AC-48C5-BFFB-E8D17CFF4939}"
EndProject
Project("{FAE04EC0-301F-11D3-BF4B-00C04F79EFBC}") = "Services", "Services\Services.csproj", "{6108CA5D-1D9C-4DE9-80DB-BB83C044F77D}"
EndProject
Project("{FAE04EC0-301F-11D3-BF4B-00C04F79EFBC}") = "Repositories", "Repositories\Repositories.csproj", "{60085B3E-D3D9-48FD-B8A9-CCD98EEBBE33}"
EndProject
Global
	GlobalSection(SolutionConfigurationPlatforms) = preSolution
		Debug|Any CPU = Debug|Any CPU
		Release|Any CPU = Release|Any CPU
	EndGlobalSection
	GlobalSection(ProjectConfigurationPlatforms) = postSolution
		{4288E7A9-D3AC-48C5-BFFB-E8D17CFF4939}.Debug|Any CPU.ActiveCfg = Debug|Any CPU
		{4288E7A9-D3AC-48C5-BFFB-E8D17CFF4939}.Debug|Any CPU.Build.0 = Debug|Any CPU
		{4288E7A9-D3AC-48C5-BFFB-E8D17CFF4939}.Release|Any CPU.ActiveCfg = Release|Any CPU
		{4288E7A9-D3AC-48C5-BFFB-E8D17CFF4939}.Release|Any CPU.Build.0 = Release|Any CPU
		{6108CA5D-1D9C-4DE9-80DB-BB83C044F77D}.Debug|Any CPU.ActiveCfg = Debug|Any CPU
		{6108CA5D-1D9C-4DE9-80DB-BB83C044F77D}.Debug|Any CPU.Build.0 = Debug|Any CPU
		{6108CA5D-1D9C-4DE9-80DB-BB83C044F77D}.Release|Any CPU.ActiveCfg = Release|Any CPU
		{6108CA5D-1D9C-4DE9-80DB-BB83C044F77D}.Release|Any CPU.Build.0 = Release|Any CPU
		{60085B3E-D3D9-48FD-B8A9-CCD98EEBBE33}.Debug|Any CPU.ActiveCfg = Debug|Any CPU
		{60085B3E-D3D9-48FD-B8A9-CCD98EEBBE33}.Debug|Any CPU.Build.0 = Debug|Any CPU
		{60085B3E-D3D9-48FD-B8A9-CCD98EEBBE33}.Release|Any CPU.ActiveCfg = Release|Any CPU
		{60085B3E-D3D9-48FD-B8A9-CCD98EEBBE33}.Release|Any CPU.Build.0 = Release|Any CPU
	EndGlobalSection
	GlobalSection(SolutionProperties) = preSolution
		HideSolutionNode = FALSE
	EndGlobalSection
	GlobalSection(ExtensibilityGlobals) = postSolution
		SolutionGuid = {0E1EDF66-C881-4461-8491-587D1D106483}
	EndGlobalSection
EndGlobal
